// !$*UTF8*$!
{
	archiveVersion = 1;
	classes = {
	};
	objectVersion = 46;
	objects = {

/* Begin PBXBuildFile section */
		C318624D1E7172DB00EC0023 /* PhotoAdapter.swift in Sources */ = {isa = PBXBuildFile; fileRef = C318624C1E7172DB00EC0023 /* PhotoAdapter.swift */; };
		C318624F1E7182F400EC0023 /* MainController.swift in Sources */ = {isa = PBXBuildFile; fileRef = C318624E1E7182F400EC0023 /* MainController.swift */; };
		C31862511E7185DB00EC0023 /* BaseController.swift in Sources */ = {isa = PBXBuildFile; fileRef = C31862501E7185DB00EC0023 /* BaseController.swift */; };
		C31862551E719AAF00EC0023 /* AddPostLayout.swift in Sources */ = {isa = PBXBuildFile; fileRef = C31862541E719AAF00EC0023 /* AddPostLayout.swift */; };
		C31862571E719B0A00EC0023 /* AddPostController.swift in Sources */ = {isa = PBXBuildFile; fileRef = C31862561E719B0A00EC0023 /* AddPostController.swift */; };
		C31862591E719DF300EC0023 /* BaseLayout.swift in Sources */ = {isa = PBXBuildFile; fileRef = C31862581E719DF300EC0023 /* BaseLayout.swift */; };
		C318625E1E71A70100EC0023 /* Button.swift in Sources */ = {isa = PBXBuildFile; fileRef = C318625D1E71A70100EC0023 /* Button.swift */; };
		C31862621E71BAC400EC0023 /* Service.swift in Sources */ = {isa = PBXBuildFile; fileRef = C31862611E71BAC400EC0023 /* Service.swift */; };
		C31862641E71BBCA00EC0023 /* StateController.swift in Sources */ = {isa = PBXBuildFile; fileRef = C31862631E71BBCA00EC0023 /* StateController.swift */; };
		C31862681E726AD600EC0023 /* CollectionNode.swift in Sources */ = {isa = PBXBuildFile; fileRef = C31862671E726AD600EC0023 /* CollectionNode.swift */; };
		C318626E1E728E9900EC0023 /* DynamicColor.framework in Frameworks */ = {isa = PBXBuildFile; fileRef = C318626B1E728E9900EC0023 /* DynamicColor.framework */; };
		C318626F1E728E9900EC0023 /* KeychainAccess.framework in Frameworks */ = {isa = PBXBuildFile; fileRef = C318626C1E728E9900EC0023 /* KeychainAccess.framework */; };
		C31862701E728E9900EC0023 /* SwiftyUserDefaults.framework in Frameworks */ = {isa = PBXBuildFile; fileRef = C318626D1E728E9900EC0023 /* SwiftyUserDefaults.framework */; };
		C31862721E72A0FC00EC0023 /* Defaults.swift in Sources */ = {isa = PBXBuildFile; fileRef = C31862711E72A0FC00EC0023 /* Defaults.swift */; };
		C318627A1E72DD2600EC0023 /* Watchdog.swift in Sources */ = {isa = PBXBuildFile; fileRef = C31862791E72DD2600EC0023 /* Watchdog.swift */; };
		C318627D1E72F6BB00EC0023 /* RxMoya.framework in Frameworks */ = {isa = PBXBuildFile; fileRef = C318627B1E72F6BB00EC0023 /* RxMoya.framework */; };
		C318627E1E72F6BB00EC0023 /* RxSwift.framework in Frameworks */ = {isa = PBXBuildFile; fileRef = C318627C1E72F6BB00EC0023 /* RxSwift.framework */; };
		C35E7EE31E715D6500C8275E /* AlbumAdapter.swift in Sources */ = {isa = PBXBuildFile; fileRef = C35E7EE21E715D6500C8275E /* AlbumAdapter.swift */; };
		C35E7EE51E715DD200C8275E /* BaseCell.swift in Sources */ = {isa = PBXBuildFile; fileRef = C35E7EE41E715DD200C8275E /* BaseCell.swift */; };
		C36126891E6F176F006FBA7F /* Photo.swift in Sources */ = {isa = PBXBuildFile; fileRef = C36126881E6F176F006FBA7F /* Photo.swift */; };
		C361268B1E6F1B76006FBA7F /* ObjectMapper.framework in Frameworks */ = {isa = PBXBuildFile; fileRef = C361268A1E6F1B76006FBA7F /* ObjectMapper.framework */; };
		C36126911E6F2033006FBA7F /* BaseAdapter.swift in Sources */ = {isa = PBXBuildFile; fileRef = C36126901E6F2033006FBA7F /* BaseAdapter.swift */; };
		C36A90191E6E6FE000FD05DD /* SVProgressHUD.framework in Frameworks */ = {isa = PBXBuildFile; fileRef = C36A90181E6E6FE000FD05DD /* SVProgressHUD.framework */; };
		C36A901B1E6E874400FD05DD /* Moya.framework in Frameworks */ = {isa = PBXBuildFile; fileRef = C36A901A1E6E874400FD05DD /* Moya.framework */; };
		C36A901D1E6E87E500FD05DD /* API.swift in Sources */ = {isa = PBXBuildFile; fileRef = C36A901C1E6E87E500FD05DD /* API.swift */; };
		C36A901F1E6E8A4500FD05DD /* Alamofire.framework in Frameworks */ = {isa = PBXBuildFile; fileRef = C36A901E1E6E8A4500FD05DD /* Alamofire.framework */; };
		C36A90211E6E8A7000FD05DD /* Result.framework in Frameworks */ = {isa = PBXBuildFile; fileRef = C36A90201E6E8A7000FD05DD /* Result.framework */; };
		C3B8CE081E6FEF8200A2BB03 /* PINRemoteImage.framework in Frameworks */ = {isa = PBXBuildFile; fileRef = C3B8CE071E6FEF8200A2BB03 /* PINRemoteImage.framework */; };
		C3B8CE0A1E6FEF8D00A2BB03 /* PINCache.framework in Frameworks */ = {isa = PBXBuildFile; fileRef = C3B8CE091E6FEF8D00A2BB03 /* PINCache.framework */; };
		C3B8F4F31E70150E00A2BB03 /* PINOperation.framework in Frameworks */ = {isa = PBXBuildFile; fileRef = C3B8F4F21E70150E00A2BB03 /* PINOperation.framework */; };
		C3B8F4F71E701F8400A2BB03 /* Album.swift in Sources */ = {isa = PBXBuildFile; fileRef = C3B8F4F61E701F8400A2BB03 /* Album.swift */; };
		C3B8F4F91E70284000A2BB03 /* PhotoController.swift in Sources */ = {isa = PBXBuildFile; fileRef = C3B8F4F81E70284000A2BB03 /* PhotoController.swift */; };
		C3F74DF91E67D021008178C8 /* AppDelegate.swift in Sources */ = {isa = PBXBuildFile; fileRef = C3F74DF81E67D021008178C8 /* AppDelegate.swift */; };
		C3F74E001E67D021008178C8 /* Assets.xcassets in Resources */ = {isa = PBXBuildFile; fileRef = C3F74DFF1E67D021008178C8 /* Assets.xcassets */; };
		C3F74E031E67D021008178C8 /* LaunchScreen.storyboard in Resources */ = {isa = PBXBuildFile; fileRef = C3F74E011E67D021008178C8 /* LaunchScreen.storyboard */; };
		C3F74E0B1E67D0B9008178C8 /* Cartfile in Resources */ = {isa = PBXBuildFile; fileRef = C3F74E0A1E67D0B9008178C8 /* Cartfile */; };
		C3F74E111E67D146008178C8 /* AlbumController.swift in Sources */ = {isa = PBXBuildFile; fileRef = C3F74E101E67D146008178C8 /* AlbumController.swift */; };
		C3F74E141E67F23B008178C8 /* IQKeyboardManagerSwift.framework in Frameworks */ = {isa = PBXBuildFile; fileRef = C3F74E131E67F23B008178C8 /* IQKeyboardManagerSwift.framework */; };
		C3F74E191E67F89A008178C8 /* MainLayout.swift in Sources */ = {isa = PBXBuildFile; fileRef = C3F74E181E67F89A008178C8 /* MainLayout.swift */; };
/* End PBXBuildFile section */

/* Begin PBXFileReference section */
		C318624C1E7172DB00EC0023 /* PhotoAdapter.swift */ = {isa = PBXFileReference; fileEncoding = 4; lastKnownFileType = sourcecode.swift; path = PhotoAdapter.swift; sourceTree = "<group>"; };
		C318624E1E7182F400EC0023 /* MainController.swift */ = {isa = PBXFileReference; fileEncoding = 4; lastKnownFileType = sourcecode.swift; path = MainController.swift; sourceTree = "<group>"; };
		C31862501E7185DB00EC0023 /* BaseController.swift */ = {isa = PBXFileReference; fileEncoding = 4; lastKnownFileType = sourcecode.swift; path = BaseController.swift; sourceTree = "<group>"; };
		C31862541E719AAF00EC0023 /* AddPostLayout.swift */ = {isa = PBXFileReference; fileEncoding = 4; lastKnownFileType = sourcecode.swift; path = AddPostLayout.swift; sourceTree = "<group>"; };
		C31862561E719B0A00EC0023 /* AddPostController.swift */ = {isa = PBXFileReference; fileEncoding = 4; lastKnownFileType = sourcecode.swift; path = AddPostController.swift; sourceTree = "<group>"; };
		C31862581E719DF300EC0023 /* BaseLayout.swift */ = {isa = PBXFileReference; fileEncoding = 4; lastKnownFileType = sourcecode.swift; path = BaseLayout.swift; sourceTree = "<group>"; };
		C318625D1E71A70100EC0023 /* Button.swift */ = {isa = PBXFileReference; fileEncoding = 4; lastKnownFileType = sourcecode.swift; path = Button.swift; sourceTree = "<group>"; };
		C31862611E71BAC400EC0023 /* Service.swift */ = {isa = PBXFileReference; fileEncoding = 4; lastKnownFileType = sourcecode.swift; path = Service.swift; sourceTree = "<group>"; };
		C31862631E71BBCA00EC0023 /* StateController.swift */ = {isa = PBXFileReference; fileEncoding = 4; lastKnownFileType = sourcecode.swift; path = StateController.swift; sourceTree = "<group>"; };
		C31862671E726AD600EC0023 /* CollectionNode.swift */ = {isa = PBXFileReference; fileEncoding = 4; lastKnownFileType = sourcecode.swift; path = CollectionNode.swift; sourceTree = "<group>"; };
		C318626B1E728E9900EC0023 /* DynamicColor.framework */ = {isa = PBXFileReference; lastKnownFileType = wrapper.framework; name = DynamicColor.framework; path = Carthage/Build/iOS/DynamicColor.framework; sourceTree = "<group>"; };
		C318626C1E728E9900EC0023 /* KeychainAccess.framework */ = {isa = PBXFileReference; lastKnownFileType = wrapper.framework; name = KeychainAccess.framework; path = Carthage/Build/iOS/KeychainAccess.framework; sourceTree = "<group>"; };
		C318626D1E728E9900EC0023 /* SwiftyUserDefaults.framework */ = {isa = PBXFileReference; lastKnownFileType = wrapper.framework; name = SwiftyUserDefaults.framework; path = Carthage/Build/iOS/SwiftyUserDefaults.framework; sourceTree = "<group>"; };
		C31862711E72A0FC00EC0023 /* Defaults.swift */ = {isa = PBXFileReference; fileEncoding = 4; lastKnownFileType = sourcecode.swift; path = Defaults.swift; sourceTree = "<group>"; };
		C31862731E72D37200EC0023 /* Watchdog.framework */ = {isa = PBXFileReference; lastKnownFileType = wrapper.framework; name = Watchdog.framework; path = Carthage/Build/iOS/Watchdog.framework; sourceTree = "<group>"; };
		C31862791E72DD2600EC0023 /* Watchdog.swift */ = {isa = PBXFileReference; fileEncoding = 4; lastKnownFileType = sourcecode.swift; path = Watchdog.swift; sourceTree = "<group>"; };
		C318627B1E72F6BB00EC0023 /* RxMoya.framework */ = {isa = PBXFileReference; lastKnownFileType = wrapper.framework; name = RxMoya.framework; path = Carthage/Build/iOS/RxMoya.framework; sourceTree = "<group>"; };
		C318627C1E72F6BB00EC0023 /* RxSwift.framework */ = {isa = PBXFileReference; lastKnownFileType = wrapper.framework; name = RxSwift.framework; path = Carthage/Build/iOS/RxSwift.framework; sourceTree = "<group>"; };
		C35E7EE21E715D6500C8275E /* AlbumAdapter.swift */ = {isa = PBXFileReference; fileEncoding = 4; lastKnownFileType = sourcecode.swift; path = AlbumAdapter.swift; sourceTree = "<group>"; };
		C35E7EE41E715DD200C8275E /* BaseCell.swift */ = {isa = PBXFileReference; fileEncoding = 4; lastKnownFileType = sourcecode.swift; path = BaseCell.swift; sourceTree = "<group>"; };
		C36126881E6F176F006FBA7F /* Photo.swift */ = {isa = PBXFileReference; fileEncoding = 4; lastKnownFileType = sourcecode.swift; path = Photo.swift; sourceTree = "<group>"; };
		C361268A1E6F1B76006FBA7F /* ObjectMapper.framework */ = {isa = PBXFileReference; lastKnownFileType = wrapper.framework; name = ObjectMapper.framework; path = Carthage/Build/iOS/ObjectMapper.framework; sourceTree = "<group>"; };
		C36126901E6F2033006FBA7F /* BaseAdapter.swift */ = {isa = PBXFileReference; fileEncoding = 4; lastKnownFileType = sourcecode.swift; path = BaseAdapter.swift; sourceTree = "<group>"; };
		C36A90181E6E6FE000FD05DD /* SVProgressHUD.framework */ = {isa = PBXFileReference; lastKnownFileType = wrapper.framework; name = SVProgressHUD.framework; path = Carthage/Build/iOS/SVProgressHUD.framework; sourceTree = "<group>"; };
		C36A901A1E6E874400FD05DD /* Moya.framework */ = {isa = PBXFileReference; lastKnownFileType = wrapper.framework; name = Moya.framework; path = Carthage/Build/iOS/Moya.framework; sourceTree = "<group>"; };
		C36A901C1E6E87E500FD05DD /* API.swift */ = {isa = PBXFileReference; fileEncoding = 4; lastKnownFileType = sourcecode.swift; path = API.swift; sourceTree = "<group>"; };
		C36A901E1E6E8A4500FD05DD /* Alamofire.framework */ = {isa = PBXFileReference; lastKnownFileType = wrapper.framework; name = Alamofire.framework; path = Carthage/Build/iOS/Alamofire.framework; sourceTree = "<group>"; };
		C36A90201E6E8A7000FD05DD /* Result.framework */ = {isa = PBXFileReference; lastKnownFileType = wrapper.framework; name = Result.framework; path = Carthage/Build/iOS/Result.framework; sourceTree = "<group>"; };
		C3B8CE051E6FEF0D00A2BB03 /* AsyncDisplayKit.framework */ = {isa = PBXFileReference; lastKnownFileType = wrapper.framework; name = AsyncDisplayKit.framework; path = Carthage/Build/iOS/AsyncDisplayKit.framework; sourceTree = "<group>"; };
		C3B8CE071E6FEF8200A2BB03 /* PINRemoteImage.framework */ = {isa = PBXFileReference; lastKnownFileType = wrapper.framework; name = PINRemoteImage.framework; path = Carthage/Build/iOS/PINRemoteImage.framework; sourceTree = "<group>"; };
		C3B8CE091E6FEF8D00A2BB03 /* PINCache.framework */ = {isa = PBXFileReference; lastKnownFileType = wrapper.framework; name = PINCache.framework; path = Carthage/Build/iOS/PINCache.framework; sourceTree = "<group>"; };
		C3B8F4F21E70150E00A2BB03 /* PINOperation.framework */ = {isa = PBXFileReference; lastKnownFileType = wrapper.framework; name = PINOperation.framework; path = Carthage/Build/iOS/PINOperation.framework; sourceTree = "<group>"; };
		C3B8F4F61E701F8400A2BB03 /* Album.swift */ = {isa = PBXFileReference; fileEncoding = 4; lastKnownFileType = sourcecode.swift; path = Album.swift; sourceTree = "<group>"; };
		C3B8F4F81E70284000A2BB03 /* PhotoController.swift */ = {isa = PBXFileReference; fileEncoding = 4; lastKnownFileType = sourcecode.swift; path = PhotoController.swift; sourceTree = "<group>"; };
		C3F74DF51E67D021008178C8 /* iOS Boilerplate.app */ = {isa = PBXFileReference; explicitFileType = wrapper.application; includeInIndex = 0; path = "iOS Boilerplate.app"; sourceTree = BUILT_PRODUCTS_DIR; };
		C3F74DF81E67D021008178C8 /* AppDelegate.swift */ = {isa = PBXFileReference; lastKnownFileType = sourcecode.swift; path = AppDelegate.swift; sourceTree = "<group>"; };
		C3F74DFF1E67D021008178C8 /* Assets.xcassets */ = {isa = PBXFileReference; lastKnownFileType = folder.assetcatalog; path = Assets.xcassets; sourceTree = "<group>"; };
		C3F74E021E67D021008178C8 /* Base */ = {isa = PBXFileReference; lastKnownFileType = file.storyboard; name = Base; path = Base.lproj/LaunchScreen.storyboard; sourceTree = "<group>"; };
		C3F74E041E67D021008178C8 /* Info.plist */ = {isa = PBXFileReference; lastKnownFileType = text.plist.xml; path = Info.plist; sourceTree = "<group>"; };
		C3F74E0A1E67D0B9008178C8 /* Cartfile */ = {isa = PBXFileReference; fileEncoding = 4; lastKnownFileType = text; path = Cartfile; sourceTree = "<group>"; };
		C3F74E101E67D146008178C8 /* AlbumController.swift */ = {isa = PBXFileReference; fileEncoding = 4; lastKnownFileType = sourcecode.swift; path = AlbumController.swift; sourceTree = "<group>"; };
		C3F74E131E67F23B008178C8 /* IQKeyboardManagerSwift.framework */ = {isa = PBXFileReference; lastKnownFileType = wrapper.framework; name = IQKeyboardManagerSwift.framework; path = Carthage/Build/iOS/IQKeyboardManagerSwift.framework; sourceTree = "<group>"; };
		C3F74E181E67F89A008178C8 /* MainLayout.swift */ = {isa = PBXFileReference; fileEncoding = 4; lastKnownFileType = sourcecode.swift; path = MainLayout.swift; sourceTree = "<group>"; };
/* End PBXFileReference section */

/* Begin PBXFrameworksBuildPhase section */
		C3F74DF21E67D021008178C8 /* Frameworks */ = {
			isa = PBXFrameworksBuildPhase;
			buildActionMask = 2147483647;
			files = (
				C318627D1E72F6BB00EC0023 /* RxMoya.framework in Frameworks */,
				C318627E1E72F6BB00EC0023 /* RxSwift.framework in Frameworks */,
				C318626E1E728E9900EC0023 /* DynamicColor.framework in Frameworks */,
				C318626F1E728E9900EC0023 /* KeychainAccess.framework in Frameworks */,
				C31862701E728E9900EC0023 /* SwiftyUserDefaults.framework in Frameworks */,
				C3B8F4F31E70150E00A2BB03 /* PINOperation.framework in Frameworks */,
				C36A90191E6E6FE000FD05DD /* SVProgressHUD.framework in Frameworks */,
				C3B8CE0A1E6FEF8D00A2BB03 /* PINCache.framework in Frameworks */,
				C3B8CE081E6FEF8200A2BB03 /* PINRemoteImage.framework in Frameworks */,
				C361268B1E6F1B76006FBA7F /* ObjectMapper.framework in Frameworks */,
				C36A90211E6E8A7000FD05DD /* Result.framework in Frameworks */,
				C36A901F1E6E8A4500FD05DD /* Alamofire.framework in Frameworks */,
				C36A901B1E6E874400FD05DD /* Moya.framework in Frameworks */,
				C3F74E141E67F23B008178C8 /* IQKeyboardManagerSwift.framework in Frameworks */,
			);
			runOnlyForDeploymentPostprocessing = 0;
		};
/* End PBXFrameworksBuildPhase section */

/* Begin PBXGroup section */
		C318625C1E71A6ED00EC0023 /* Widgets */ = {
			isa = PBXGroup;
			children = (
				C318625D1E71A70100EC0023 /* Button.swift */,
			);
			path = Widgets;
			sourceTree = "<group>";
		};
		C35E7EE11E715D2F00C8275E /* Adapters */ = {
			isa = PBXGroup;
			children = (
				C35E7EE21E715D6500C8275E /* AlbumAdapter.swift */,
				C318624C1E7172DB00EC0023 /* PhotoAdapter.swift */,
			);
			path = Adapters;
			sourceTree = "<group>";
		};
		C361268F1E6F1FEA006FBA7F /* Base */ = {
			isa = PBXGroup;
			children = (
				C35E7EE41E715DD200C8275E /* BaseCell.swift */,
				C31862501E7185DB00EC0023 /* BaseController.swift */,
				C31862581E719DF300EC0023 /* BaseLayout.swift */,
				C36126901E6F2033006FBA7F /* BaseAdapter.swift */,
				C31862631E71BBCA00EC0023 /* StateController.swift */,
				C31862671E726AD600EC0023 /* CollectionNode.swift */,
			);
			path = Base;
			sourceTree = "<group>";
		};
		C3F74DEC1E67D021008178C8 = {
			isa = PBXGroup;
			children = (
				C3F74E0A1E67D0B9008178C8 /* Cartfile */,
				C3F74DF71E67D021008178C8 /* iOS Boilerplate */,
				C3F74DF61E67D021008178C8 /* Products */,
				C3F74E121E67F23B008178C8 /* Frameworks */,
			);
			sourceTree = "<group>";
		};
		C3F74DF61E67D021008178C8 /* Products */ = {
			isa = PBXGroup;
			children = (
				C3F74DF51E67D021008178C8 /* iOS Boilerplate.app */,
			);
			name = Products;
			sourceTree = "<group>";
		};
		C3F74DF71E67D021008178C8 /* iOS Boilerplate */ = {
			isa = PBXGroup;
			children = (
				C318625C1E71A6ED00EC0023 /* Widgets */,
				C35E7EE11E715D2F00C8275E /* Adapters */,
				C361268F1E6F1FEA006FBA7F /* Base */,
				C3F74E0C1E67D11C008178C8 /* Layouts */,
				C3F74E0D1E67D11C008178C8 /* Utilities */,
				C3F74E0E1E67D11C008178C8 /* Models */,
				C3F74E0F1E67D11C008178C8 /* Controllers */,
				C3F74DF81E67D021008178C8 /* AppDelegate.swift */,
				C3F74DFF1E67D021008178C8 /* Assets.xcassets */,
				C3F74E011E67D021008178C8 /* LaunchScreen.storyboard */,
				C3F74E041E67D021008178C8 /* Info.plist */,
			);
			path = "iOS Boilerplate";
			sourceTree = "<group>";
		};
		C3F74E0C1E67D11C008178C8 /* Layouts */ = {
			isa = PBXGroup;
			children = (
				C3F74E181E67F89A008178C8 /* MainLayout.swift */,
				C31862541E719AAF00EC0023 /* AddPostLayout.swift */,
			);
			path = Layouts;
			sourceTree = "<group>";
		};
		C3F74E0D1E67D11C008178C8 /* Utilities */ = {
			isa = PBXGroup;
			children = (
				C36A901C1E6E87E500FD05DD /* API.swift */,
				C31862611E71BAC400EC0023 /* Service.swift */,
				C31862711E72A0FC00EC0023 /* Defaults.swift */,
				C31862791E72DD2600EC0023 /* Watchdog.swift */,
			);
			path = Utilities;
			sourceTree = "<group>";
		};
		C3F74E0E1E67D11C008178C8 /* Models */ = {
			isa = PBXGroup;
			children = (
				C36126881E6F176F006FBA7F /* Photo.swift */,
				C3B8F4F61E701F8400A2BB03 /* Album.swift */,
			);
			path = Models;
			sourceTree = "<group>";
		};
		C3F74E0F1E67D11C008178C8 /* Controllers */ = {
			isa = PBXGroup;
			children = (
				C3F74E101E67D146008178C8 /* AlbumController.swift */,
				C3B8F4F81E70284000A2BB03 /* PhotoController.swift */,
				C318624E1E7182F400EC0023 /* MainController.swift */,
				C31862561E719B0A00EC0023 /* AddPostController.swift */,
			);
			path = Controllers;
			sourceTree = "<group>";
		};
		C3F74E121E67F23B008178C8 /* Frameworks */ = {
			isa = PBXGroup;
			children = (
				C318627B1E72F6BB00EC0023 /* RxMoya.framework */,
				C318627C1E72F6BB00EC0023 /* RxSwift.framework */,
				C31862731E72D37200EC0023 /* Watchdog.framework */,
				C318626B1E728E9900EC0023 /* DynamicColor.framework */,
				C318626C1E728E9900EC0023 /* KeychainAccess.framework */,
				C318626D1E728E9900EC0023 /* SwiftyUserDefaults.framework */,
				C3B8F4F21E70150E00A2BB03 /* PINOperation.framework */,
				C3B8CE091E6FEF8D00A2BB03 /* PINCache.framework */,
				C3B8CE071E6FEF8200A2BB03 /* PINRemoteImage.framework */,
				C3B8CE051E6FEF0D00A2BB03 /* AsyncDisplayKit.framework */,
				C361268A1E6F1B76006FBA7F /* ObjectMapper.framework */,
				C36A90201E6E8A7000FD05DD /* Result.framework */,
				C36A901E1E6E8A4500FD05DD /* Alamofire.framework */,
				C36A901A1E6E874400FD05DD /* Moya.framework */,
				C36A90181E6E6FE000FD05DD /* SVProgressHUD.framework */,
				C3F74E131E67F23B008178C8 /* IQKeyboardManagerSwift.framework */,
			);
			name = Frameworks;
			sourceTree = "<group>";
		};
/* End PBXGroup section */

/* Begin PBXNativeTarget section */
		C3F74DF41E67D021008178C8 /* iOS Boilerplate */ = {
			isa = PBXNativeTarget;
			buildConfigurationList = C3F74E071E67D021008178C8 /* Build configuration list for PBXNativeTarget "iOS Boilerplate" */;
			buildPhases = (
				C3F74DF11E67D021008178C8 /* Sources */,
				C3F74DF21E67D021008178C8 /* Frameworks */,
				C3F74DF31E67D021008178C8 /* Resources */,
				C3F74E151E67F242008178C8 /* Run Script */,
			);
			buildRules = (
			);
			dependencies = (
			);
			name = "iOS Boilerplate";
			productName = "iOS Boilerplate";
			productReference = C3F74DF51E67D021008178C8 /* iOS Boilerplate.app */;
			productType = "com.apple.product-type.application";
		};
/* End PBXNativeTarget section */

/* Begin PBXProject section */
		C3F74DED1E67D021008178C8 /* Project object */ = {
			isa = PBXProject;
			attributes = {
				LastSwiftUpdateCheck = 0820;
				LastUpgradeCheck = 0820;
				TargetAttributes = {
					C3F74DF41E67D021008178C8 = {
						CreatedOnToolsVersion = 8.2.1;
						DevelopmentTeam = U2976J2324;
						ProvisioningStyle = Automatic;
					};
				};
			};
			buildConfigurationList = C3F74DF01E67D021008178C8 /* Build configuration list for PBXProject "iOS Boilerplate" */;
			compatibilityVersion = "Xcode 3.2";
			developmentRegion = English;
			hasScannedForEncodings = 0;
			knownRegions = (
				en,
				Base,
				es,
			);
			mainGroup = C3F74DEC1E67D021008178C8;
			productRefGroup = C3F74DF61E67D021008178C8 /* Products */;
			projectDirPath = "";
			projectRoot = "";
			targets = (
				C3F74DF41E67D021008178C8 /* iOS Boilerplate */,
			);
		};
/* End PBXProject section */

/* Begin PBXResourcesBuildPhase section */
		C3F74DF31E67D021008178C8 /* Resources */ = {
			isa = PBXResourcesBuildPhase;
			buildActionMask = 2147483647;
			files = (
				C3F74E031E67D021008178C8 /* LaunchScreen.storyboard in Resources */,
				C3F74E001E67D021008178C8 /* Assets.xcassets in Resources */,
				C3F74E0B1E67D0B9008178C8 /* Cartfile in Resources */,
			);
			runOnlyForDeploymentPostprocessing = 0;
		};
/* End PBXResourcesBuildPhase section */

/* Begin PBXShellScriptBuildPhase section */
		C3F74E151E67F242008178C8 /* Run Script */ = {
			isa = PBXShellScriptBuildPhase;
			buildActionMask = 2147483647;
			files = (
			);
			inputPaths = (
				"$(SRCROOT)/Carthage/Build/iOS/IQKeyboardManagerSwift.framework",
				"$(SRCROOT)/Carthage/Build/iOS/SVProgressHUD.framework",
				"$(SRCROOT)/Carthage/Build/iOS/Moya.framework",
				"$(SRCROOT)/Carthage/Build/iOS/Alamofire.framework",
				"$(SRCROOT)/Carthage/Build/iOS/Result.framework",
				"$(SRCROOT)/Carthage/Build/iOS/ObjectMapper.framework",
				"$(SRCROOT)/Carthage/Build/iOS/AsyncDisplayKit.framework",
				"$(SRCROOT)/Carthage/Build/iOS/PINRemoteImage.framework",
				"$(SRCROOT)/Carthage/Build/iOS/PINCache.framework",
				"$(SRCROOT)/Carthage/Build/iOS/PINOperation.framework",
				"$(SRCROOT)/Carthage/Build/iOS/SwiftyUserDefaults.framework",
				"$(SRCROOT)/Carthage/Build/iOS/KeychainAccess.framework",
				"$(SRCROOT)/Carthage/Build/iOS/DynamicColor.framework",
				"$(SRCROOT)/Carthage/Build/iOS/RxSwift.framework",
				"$(SRCROOT)/Carthage/Build/iOS/RxMoya.framework",
			);
			name = "Run Script";
			outputPaths = (
			);
			runOnlyForDeploymentPostprocessing = 0;
			shellPath = /bin/sh;
			shellScript = "/usr/local/bin/carthage copy-frameworks";
		};
/* End PBXShellScriptBuildPhase section */

/* Begin PBXSourcesBuildPhase section */
		C3F74DF11E67D021008178C8 /* Sources */ = {
			isa = PBXSourcesBuildPhase;
			buildActionMask = 2147483647;
			files = (
				C3B8F4F91E70284000A2BB03 /* PhotoController.swift in Sources */,
				C31862641E71BBCA00EC0023 /* StateController.swift in Sources */,
				C3F74E111E67D146008178C8 /* AlbumController.swift in Sources */,
				C318627A1E72DD2600EC0023 /* Watchdog.swift in Sources */,
				C3F74DF91E67D021008178C8 /* AppDelegate.swift in Sources */,
				C36A901D1E6E87E500FD05DD /* API.swift in Sources */,
				C31862551E719AAF00EC0023 /* AddPostLayout.swift in Sources */,
				C318625E1E71A70100EC0023 /* Button.swift in Sources */,
				C31862571E719B0A00EC0023 /* AddPostController.swift in Sources */,
				C35E7EE51E715DD200C8275E /* BaseCell.swift in Sources */,
				C31862511E7185DB00EC0023 /* BaseController.swift in Sources */,
				C31862591E719DF300EC0023 /* BaseLayout.swift in Sources */,
				C35E7EE31E715D6500C8275E /* AlbumAdapter.swift in Sources */,
				C3B8F4F71E701F8400A2BB03 /* Album.swift in Sources */,
				C3F74E191E67F89A008178C8 /* MainLayout.swift in Sources */,
				C36126911E6F2033006FBA7F /* BaseAdapter.swift in Sources */,
				C36126891E6F176F006FBA7F /* Photo.swift in Sources */,
				C31862681E726AD600EC0023 /* CollectionNode.swift in Sources */,
				C31862621E71BAC400EC0023 /* Service.swift in Sources */,
				C318624F1E7182F400EC0023 /* MainController.swift in Sources */,
				C318624D1E7172DB00EC0023 /* PhotoAdapter.swift in Sources */,
				C31862721E72A0FC00EC0023 /* Defaults.swift in Sources */,
			);
			runOnlyForDeploymentPostprocessing = 0;
		};
/* End PBXSourcesBuildPhase section */

/* Begin PBXVariantGroup section */
		C3F74E011E67D021008178C8 /* LaunchScreen.storyboard */ = {
			isa = PBXVariantGroup;
			children = (
				C3F74E021E67D021008178C8 /* Base */,
			);
			name = LaunchScreen.storyboard;
			sourceTree = "<group>";
		};
/* End PBXVariantGroup section */

/* Begin XCBuildConfiguration section */
		C3F74E051E67D021008178C8 /* Debug */ = {
			isa = XCBuildConfiguration;
			buildSettings = {
				ALWAYS_SEARCH_USER_PATHS = NO;
				CLANG_ANALYZER_NONNULL = YES;
				CLANG_CXX_LANGUAGE_STANDARD = "gnu++0x";
				CLANG_CXX_LIBRARY = "libc++";
				CLANG_ENABLE_MODULES = YES;
				CLANG_ENABLE_OBJC_ARC = YES;
				CLANG_WARN_BOOL_CONVERSION = YES;
				CLANG_WARN_CONSTANT_CONVERSION = YES;
				CLANG_WARN_DIRECT_OBJC_ISA_USAGE = YES_ERROR;
				CLANG_WARN_DOCUMENTATION_COMMENTS = YES;
				CLANG_WARN_EMPTY_BODY = YES;
				CLANG_WARN_ENUM_CONVERSION = YES;
				CLANG_WARN_INFINITE_RECURSION = YES;
				CLANG_WARN_INT_CONVERSION = YES;
				CLANG_WARN_OBJC_ROOT_CLASS = YES_ERROR;
				CLANG_WARN_SUSPICIOUS_MOVE = YES;
				CLANG_WARN_UNREACHABLE_CODE = YES;
				CLANG_WARN__DUPLICATE_METHOD_MATCH = YES;
				"CODE_SIGN_IDENTITY[sdk=iphoneos*]" = "iPhone Developer";
				COPY_PHASE_STRIP = NO;
				DEBUG_INFORMATION_FORMAT = dwarf;
				ENABLE_STRICT_OBJC_MSGSEND = YES;
				ENABLE_TESTABILITY = YES;
				GCC_C_LANGUAGE_STANDARD = gnu99;
				GCC_DYNAMIC_NO_PIC = NO;
				GCC_NO_COMMON_BLOCKS = YES;
				GCC_OPTIMIZATION_LEVEL = 0;
				GCC_PREPROCESSOR_DEFINITIONS = (
					"DEBUG=1",
					"$(inherited)",
				);
				GCC_WARN_64_TO_32_BIT_CONVERSION = YES;
				GCC_WARN_ABOUT_RETURN_TYPE = YES_ERROR;
				GCC_WARN_UNDECLARED_SELECTOR = YES;
				GCC_WARN_UNINITIALIZED_AUTOS = YES_AGGRESSIVE;
				GCC_WARN_UNUSED_FUNCTION = YES;
				GCC_WARN_UNUSED_VARIABLE = YES;
				IPHONEOS_DEPLOYMENT_TARGET = 10.2;
				MTL_ENABLE_DEBUG_INFO = YES;
				ONLY_ACTIVE_ARCH = YES;
				SDKROOT = iphoneos;
				SWIFT_ACTIVE_COMPILATION_CONDITIONS = DEBUG;
				SWIFT_OPTIMIZATION_LEVEL = "-Onone";
				TARGETED_DEVICE_FAMILY = "1,2";
			};
			name = Debug;
		};
		C3F74E061E67D021008178C8 /* Release */ = {
			isa = XCBuildConfiguration;
			buildSettings = {
				ALWAYS_SEARCH_USER_PATHS = NO;
				CLANG_ANALYZER_NONNULL = YES;
				CLANG_CXX_LANGUAGE_STANDARD = "gnu++0x";
				CLANG_CXX_LIBRARY = "libc++";
				CLANG_ENABLE_MODULES = YES;
				CLANG_ENABLE_OBJC_ARC = YES;
				CLANG_WARN_BOOL_CONVERSION = YES;
				CLANG_WARN_CONSTANT_CONVERSION = YES;
				CLANG_WARN_DIRECT_OBJC_ISA_USAGE = YES_ERROR;
				CLANG_WARN_DOCUMENTATION_COMMENTS = YES;
				CLANG_WARN_EMPTY_BODY = YES;
				CLANG_WARN_ENUM_CONVERSION = YES;
				CLANG_WARN_INFINITE_RECURSION = YES;
				CLANG_WARN_INT_CONVERSION = YES;
				CLANG_WARN_OBJC_ROOT_CLASS = YES_ERROR;
				CLANG_WARN_SUSPICIOUS_MOVE = YES;
				CLANG_WARN_UNREACHABLE_CODE = YES;
				CLANG_WARN__DUPLICATE_METHOD_MATCH = YES;
				"CODE_SIGN_IDENTITY[sdk=iphoneos*]" = "iPhone Developer";
				COPY_PHASE_STRIP = NO;
				DEBUG_INFORMATION_FORMAT = "dwarf-with-dsym";
				ENABLE_NS_ASSERTIONS = NO;
				ENABLE_STRICT_OBJC_MSGSEND = YES;
				GCC_C_LANGUAGE_STANDARD = gnu99;
				GCC_NO_COMMON_BLOCKS = YES;
				GCC_WARN_64_TO_32_BIT_CONVERSION = YES;
				GCC_WARN_ABOUT_RETURN_TYPE = YES_ERROR;
				GCC_WARN_UNDECLARED_SELECTOR = YES;
				GCC_WARN_UNINITIALIZED_AUTOS = YES_AGGRESSIVE;
				GCC_WARN_UNUSED_FUNCTION = YES;
				GCC_WARN_UNUSED_VARIABLE = YES;
				IPHONEOS_DEPLOYMENT_TARGET = 10.2;
				MTL_ENABLE_DEBUG_INFO = NO;
				SDKROOT = iphoneos;
				SWIFT_OPTIMIZATION_LEVEL = "-Owholemodule";
				TARGETED_DEVICE_FAMILY = "1,2";
				VALIDATE_PRODUCT = YES;
			};
			name = Release;
		};
		C3F74E081E67D021008178C8 /* Debug */ = {
			isa = XCBuildConfiguration;
			buildSettings = {
				ASSETCATALOG_COMPILER_APPICON_NAME = AppIcon;
				DEVELOPMENT_TEAM = U2976J2324;
				FRAMEWORK_SEARCH_PATHS = (
					"$(inherited)",
					"$(PROJECT_DIR)/Carthage/Build/iOS",
				);
				INFOPLIST_FILE = "iOS Boilerplate/Info.plist";
				IPHONEOS_DEPLOYMENT_TARGET = 8.0;
				LD_RUNPATH_SEARCH_PATHS = "$(inherited) @executable_path/Frameworks";
				PRODUCT_BUNDLE_IDENTIFIER = "com.sample.iOS-Boilerplate";
				PRODUCT_NAME = "$(TARGET_NAME)";
				SWIFT_INSTALL_OBJC_HEADER = NO;
				SWIFT_OBJC_BRIDGING_HEADER = "";
				SWIFT_VERSION = 3.0;
			};
			name = Debug;
		};
		C3F74E091E67D021008178C8 /* Release */ = {
			isa = XCBuildConfiguration;
			buildSettings = {
				ASSETCATALOG_COMPILER_APPICON_NAME = AppIcon;
				DEVELOPMENT_TEAM = U2976J2324;
				FRAMEWORK_SEARCH_PATHS = (
					"$(inherited)",
					"$(PROJECT_DIR)/Carthage/Build/iOS",
				);
				INFOPLIST_FILE = "iOS Boilerplate/Info.plist";
				IPHONEOS_DEPLOYMENT_TARGET = 8.0;
				LD_RUNPATH_SEARCH_PATHS = "$(inherited) @executable_path/Frameworks";
				PRODUCT_BUNDLE_IDENTIFIER = "com.sample.iOS-Boilerplate";
				PRODUCT_NAME = "$(TARGET_NAME)";
				SWIFT_INSTALL_OBJC_HEADER = NO;
				SWIFT_OBJC_BRIDGING_HEADER = "";
				SWIFT_VERSION = 3.0;
			};
			name = Release;
		};
/* End XCBuildConfiguration section */

/* Begin XCConfigurationList section */
		C3F74DF01E67D021008178C8 /* Build configuration list for PBXProject "iOS Boilerplate" */ = {
			isa = XCConfigurationList;
			buildConfigurations = (
				C3F74E051E67D021008178C8 /* Debug */,
				C3F74E061E67D021008178C8 /* Release */,
			);
			defaultConfigurationIsVisible = 0;
			defaultConfigurationName = Release;
		};
		C3F74E071E67D021008178C8 /* Build configuration list for PBXNativeTarget "iOS Boilerplate" */ = {
			isa = XCConfigurationList;
			buildConfigurations = (
				C3F74E081E67D021008178C8 /* Debug */,
				C3F74E091E67D021008178C8 /* Release */,
			);
			defaultConfigurationIsVisible = 0;
			defaultConfigurationName = Release;
		};
/* End XCConfigurationList section */
	};
	rootObject = C3F74DED1E67D021008178C8 /* Project object */;
}
